
Microsoft Visual Studio Solution File, Format Version 12.00
# Visual Studio Version 17
VisualStudioVersion = 17.14.36121.58 d17.14
MinimumVisualStudioVersion = 10.0.40219.1
Project("{FAE04EC0-301F-11D3-BF4B-00C04F79EFBC}") = "Plugin_Floor_FloorCode", "Plugin_Floor_FloorCode\Plugin_Floor_FloorCode.csproj", "{4289F051-CBDE-407B-878E-04D0F7C57205}"
EndProject
Global
	GlobalSection(SolutionConfigurationPlatforms) = preSolution
		Debug|Any CPU = Debug|Any CPU
		Release|Any CPU = Release|Any CPU
	EndGlobalSection
	GlobalSection(ProjectConfigurationPlatforms) = postSolution
		{4289F051-CBDE-407B-878E-04D0F7C57205}.Debug|Any CPU.ActiveCfg = Debug|Any CPU
		{4289F051-CBDE-407B-878E-04D0F7C57205}.Debug|Any CPU.Build.0 = Debug|Any CPU
		{4289F051-CBDE-407B-878E-04D0F7C57205}.Release|Any CPU.ActiveCfg = Release|Any CPU
		{4289F051-CBDE-407B-878E-04D0F7C57205}.Release|Any CPU.Build.0 = Release|Any CPU
	EndGlobalSection
	GlobalSection(SolutionProperties) = preSolution
		HideSolutionNode = FALSE
	EndGlobalSection
	GlobalSection(ExtensibilityGlobals) = postSolution
		SolutionGuid = {1576BB43-DA59-4F4E-B889-F8ACE939B56B}
	EndGlobalSection
EndGlobal
