
Microsoft Visual Studio Solution File, Format Version 12.00
# Visual Studio Version 16
VisualStudioVersion = 16.0.33423.256
MinimumVisualStudioVersion = 10.0.40219.1
Project("{FAE04EC0-301F-11D3-BF4B-00C04F79EFBC}") = "Plugin_PSDetail_CheckPercent", "Plugin_PSDetail_CheckPercent\Plugin_PSDetail_CheckPercent.csproj", "{F40097B7-73BF-46B8-94CE-F6A56911F625}"
EndProject
Global
	GlobalSection(SolutionConfigurationPlatforms) = preSolution
		Debug|Any CPU = Debug|Any CPU
		Release|Any CPU = Release|Any CPU
	EndGlobalSection
	GlobalSection(ProjectConfigurationPlatforms) = postSolution
		{F40097B7-73BF-46B8-94CE-F6A56911F625}.Debug|Any CPU.ActiveCfg = Debug|Any CPU
		{F40097B7-73BF-46B8-94CE-F6A56911F625}.Debug|Any CPU.Build.0 = Debug|Any CPU
		{F40097B7-73BF-46B8-94CE-F6A56911F625}.Release|Any CPU.ActiveCfg = Release|Any CPU
		{F40097B7-73BF-46B8-94CE-F6A56911F625}.Release|Any CPU.Build.0 = Release|Any CPU
	EndGlobalSection
	GlobalSection(SolutionProperties) = preSolution
		HideSolutionNode = FALSE
	EndGlobalSection
	GlobalSection(ExtensibilityGlobals) = postSolution
		SolutionGuid = {9F4999C4-3F5F-4E71-ADE7-D0DA7A6950E7}
	EndGlobalSection
EndGlobal
