
Microsoft Visual Studio Solution File, Format Version 12.00
# Visual Studio Version 16
VisualStudioVersion = 16.0.33423.256
MinimumVisualStudioVersion = 10.0.40219.1
Project("{FAE04EC0-301F-11D3-BF4B-00C04F79EFBC}") = "Plugin_CoownerAppendix_Create", "Plugin_CoownerAppendix_Create\Plugin_CoownerAppendix_Create.csproj", "{F31E4FC9-9D19-4F47-990B-EFBB770E8582}"
EndProject
Global
	GlobalSection(SolutionConfigurationPlatforms) = preSolution
		Debug|Any CPU = Debug|Any CPU
		Release|Any CPU = Release|Any CPU
	EndGlobalSection
	GlobalSection(ProjectConfigurationPlatforms) = postSolution
		{F31E4FC9-9D19-4F47-990B-EFBB770E8582}.Debug|Any CPU.ActiveCfg = Debug|Any CPU
		{F31E4FC9-9D19-4F47-990B-EFBB770E8582}.Debug|Any CPU.Build.0 = Debug|Any CPU
		{F31E4FC9-9D19-4F47-990B-EFBB770E8582}.Release|Any CPU.ActiveCfg = Release|Any CPU
		{F31E4FC9-9D19-4F47-990B-EFBB770E8582}.Release|Any CPU.Build.0 = Release|Any CPU
	EndGlobalSection
	GlobalSection(SolutionProperties) = preSolution
		HideSolutionNode = FALSE
	EndGlobalSection
	GlobalSection(ExtensibilityGlobals) = postSolution
		SolutionGuid = {287BE9B6-30C2-4971-AFB5-A0B79D1296BA}
	EndGlobalSection
EndGlobal
