
Microsoft Visual Studio Solution File, Format Version 12.00
# Visual Studio Version 17
VisualStudioVersion = 17.14.36121.58 d17.14
MinimumVisualStudioVersion = 10.0.40219.1
Project("{FAE04EC0-301F-11D3-BF4B-00C04F79EFBC}") = "Action_ExtendTime_Approve", "Action_ExtendTime_Approve\Action_ExtendTime_Approve.csproj", "{D5C2BBF4-DE8A-43EA-BCC3-BCD129803FE6}"
EndProject
Global
	GlobalSection(SolutionConfigurationPlatforms) = preSolution
		Debug|Any CPU = Debug|Any CPU
		Release|Any CPU = Release|Any CPU
	EndGlobalSection
	GlobalSection(ProjectConfigurationPlatforms) = postSolution
		{D5C2BBF4-DE8A-43EA-BCC3-BCD129803FE6}.Debug|Any CPU.ActiveCfg = Debug|Any CPU
		{D5C2BBF4-DE8A-43EA-BCC3-BCD129803FE6}.Debug|Any CPU.Build.0 = Debug|Any CPU
		{D5C2BBF4-DE8A-43EA-BCC3-BCD129803FE6}.Release|Any CPU.ActiveCfg = Release|Any CPU
		{D5C2BBF4-DE8A-43EA-BCC3-BCD129803FE6}.Release|Any CPU.Build.0 = Release|Any CPU
	EndGlobalSection
	GlobalSection(SolutionProperties) = preSolution
		HideSolutionNode = FALSE
	EndGlobalSection
	GlobalSection(ExtensibilityGlobals) = postSolution
		SolutionGuid = {7D4E3719-E1ED-484D-AB02-E38D7E84940A}
	EndGlobalSection
EndGlobal
