
Microsoft Visual Studio Solution File, Format Version 12.00
# Visual Studio Version 17
VisualStudioVersion = 17.14.36121.58 d17.14
MinimumVisualStudioVersion = 10.0.40219.1
Project("{FAE04EC0-301F-11D3-BF4B-00C04F79EFBC}") = "Plugin_Queue_UpdatePriority", "Plugin_Queue_UpdatePriority\Plugin_Queue_UpdatePriority.csproj", "{77E33AC3-4662-4023-B13F-7BAB0747BEF5}"
EndProject
Global
	GlobalSection(SolutionConfigurationPlatforms) = preSolution
		Debug|Any CPU = Debug|Any CPU
		Release|Any CPU = Release|Any CPU
	EndGlobalSection
	GlobalSection(ProjectConfigurationPlatforms) = postSolution
		{77E33AC3-4662-4023-B13F-7BAB0747BEF5}.Debug|Any CPU.ActiveCfg = Debug|Any CPU
		{77E33AC3-4662-4023-B13F-7BAB0747BEF5}.Debug|Any CPU.Build.0 = Debug|Any CPU
		{77E33AC3-4662-4023-B13F-7BAB0747BEF5}.Release|Any CPU.ActiveCfg = Release|Any CPU
		{77E33AC3-4662-4023-B13F-7BAB0747BEF5}.Release|Any CPU.Build.0 = Release|Any CPU
	EndGlobalSection
	GlobalSection(SolutionProperties) = preSolution
		HideSolutionNode = FALSE
	EndGlobalSection
	GlobalSection(ExtensibilityGlobals) = postSolution
		SolutionGuid = {52034887-28C5-4284-844D-7919D20A4E97}
	EndGlobalSection
EndGlobal
