
Microsoft Visual Studio Solution File, Format Version 12.00
# Visual Studio Version 17
VisualStudioVersion = 17.11.35303.130
MinimumVisualStudioVersion = 10.0.40219.1
Project("{FAE04EC0-301F-11D3-BF4B-00C04F79EFBC}") = "Plugin_OptionEntry_CalculateMoney", "Plugin_OptionEntry_CalculateMoney\Plugin_OptionEntry_CalculateMoney.csproj", "{B8709026-6241-4E39-980F-1E571DFB69C3}"
EndProject
Global
	GlobalSection(SolutionConfigurationPlatforms) = preSolution
		Debug|Any CPU = Debug|Any CPU
		Release|Any CPU = Release|Any CPU
	EndGlobalSection
	GlobalSection(ProjectConfigurationPlatforms) = postSolution
		{B8709026-6241-4E39-980F-1E571DFB69C3}.Debug|Any CPU.ActiveCfg = Debug|Any CPU
		{B8709026-6241-4E39-980F-1E571DFB69C3}.Debug|Any CPU.Build.0 = Debug|Any CPU
		{B8709026-6241-4E39-980F-1E571DFB69C3}.Release|Any CPU.ActiveCfg = Release|Any CPU
		{B8709026-6241-4E39-980F-1E571DFB69C3}.Release|Any CPU.Build.0 = Release|Any CPU
	EndGlobalSection
	GlobalSection(SolutionProperties) = preSolution
		HideSolutionNode = FALSE
	EndGlobalSection
	GlobalSection(ExtensibilityGlobals) = postSolution
		SolutionGuid = {711CCD0D-D608-4965-8AD7-BC8D20FA9C65}
	EndGlobalSection
EndGlobal
