
Microsoft Visual Studio Solution File, Format Version 12.00
# Visual Studio Version 16
VisualStudioVersion = 16.0.33423.256
MinimumVisualStudioVersion = 10.0.40219.1
Project("{FAE04EC0-301F-11D3-BF4B-00C04F79EFBC}") = "Plugin_AreaAppendix_Approved", "Plugin_AreaAppendix_Approved\Plugin_AreaAppendix_Approved.csproj", "{0D03A277-A4E5-4A03-BFFD-F0A388711765}"
EndProject
Global
	GlobalSection(SolutionConfigurationPlatforms) = preSolution
		Debug|Any CPU = Debug|Any CPU
		Release|Any CPU = Release|Any CPU
	EndGlobalSection
	GlobalSection(ProjectConfigurationPlatforms) = postSolution
		{0D03A277-A4E5-4A03-BFFD-F0A388711765}.Debug|Any CPU.ActiveCfg = Debug|Any CPU
		{0D03A277-A4E5-4A03-BFFD-F0A388711765}.Debug|Any CPU.Build.0 = Debug|Any CPU
		{0D03A277-A4E5-4A03-BFFD-F0A388711765}.Release|Any CPU.ActiveCfg = Release|Any CPU
		{0D03A277-A4E5-4A03-BFFD-F0A388711765}.Release|Any CPU.Build.0 = Release|Any CPU
	EndGlobalSection
	GlobalSection(SolutionProperties) = preSolution
		HideSolutionNode = FALSE
	EndGlobalSection
	GlobalSection(ExtensibilityGlobals) = postSolution
		SolutionGuid = {7494716B-4410-4949-BDE5-0D99EB0C1D82}
	EndGlobalSection
EndGlobal
