
Microsoft Visual Studio Solution File, Format Version 12.00
# Visual Studio Version 16
VisualStudioVersion = 16.0.33423.256
MinimumVisualStudioVersion = 10.0.40219.1
Project("{D954291E-2A0B-460D-934E-DC6B0785DB48}") = "RealtyCommon", "RealtyCommon\RealtyCommon.shproj", "{08679A9A-49FC-496C-9353-229B80135930}"
EndProject
Project("{FAE04EC0-301F-11D3-BF4B-00C04F79EFBC}") = "Plugin_PSDetail_CheckPercent", "..\Plugin_PSDetail_CheckPercent\Plugin_PSDetail_CheckPercent\Plugin_PSDetail_CheckPercent.csproj", "{F40097B7-73BF-46B8-94CE-F6A56911F625}"
EndProject
Project("{FAE04EC0-301F-11D3-BF4B-00C04F79EFBC}") = "Action_UpdateInsOrderNumber", "..\Action_UpdateInsOrderNumber\Action_UpdateInsOrderNumber\Action_UpdateInsOrderNumber.csproj", "{F8652F26-2150-4483-8184-71641194F372}"
EndProject
Project("{FAE04EC0-301F-11D3-BF4B-00C04F79EFBC}") = "Action_Resv_GenPMS", "..\Action_Resv_GenPMS\Action_Resv_GenPMS\Action_Resv_GenPMS.csproj", "{50B386F7-9C2F-4637-89BF-9ECBFBAB1D22}"
EndProject
Project("{FAE04EC0-301F-11D3-BF4B-00C04F79EFBC}") = "Action_ReservationContract_PSGen", "..\Action_ReservationContract_PSGen\Action_ReservationContract_PSGen\Action_ReservationContract_PSGen.csproj", "{370A37F7-4625-4A6F-B0B3-54836D90A7D3}"
EndProject
Project("{FAE04EC0-301F-11D3-BF4B-00C04F79EFBC}") = "Action_QuotationReservation_ConvertToOE", "..\Action_QuotationReservation_ConvertToOE\Action_QuotationReservation_ConvertToOE\Action_QuotationReservation_ConvertToOE.csproj", "{708F3E3B-6D53-4465-89CB-6899512EA772}"
EndProject
Project("{FAE04EC0-301F-11D3-BF4B-00C04F79EFBC}") = "Action_ReservationContract_ConvertToOE", "..\Action_ReservationContract_ConvertToOE\Action_ReservationContract_ConvertToOE\Action_ReservationContract_ConvertToOE.csproj", "{CAC3D054-9AD4-4AA9-BE4F-DB9D0997976B}"
EndProject
Project("{FAE04EC0-301F-11D3-BF4B-00C04F79EFBC}") = "Action_OptionEntry_Cancel", "..\Action_OptionEntry_Cancel\Action_OptionEntry_Cancel\Action_OptionEntry_Cancel.csproj", "{719DE0DA-96A5-4F3B-9BCE-294450757C56}"
EndProject
Project("{FAE04EC0-301F-11D3-BF4B-00C04F79EFBC}") = "Action_Units_CreateOE", "..\Action_Units_CreateOE\Action_Units_CreateOE\Action_Units_CreateOE.csproj", "{C2F51E9F-1396-4D73-9478-9C7E8D57F17C}"
EndProject
Project("{FAE04EC0-301F-11D3-BF4B-00C04F79EFBC}") = "Action_OptionEntry_PSGen", "..\Action_OptionEntry_PSGen\Action_OptionEntry_PSGen\Action_OptionEntry_PSGen.csproj", "{6C3E5FA7-83AC-48D3-8CB0-1C0A8A1C45AF}"
EndProject
Global
	GlobalSection(SharedMSBuildProjectFiles) = preSolution
		RealtyCommon\RealtyCommon.projitems*{08679a9a-49fc-496c-9353-229b80135930}*SharedItemsImports = 13
		RealtyCommon\RealtyCommon.projitems*{370a37f7-4625-4a6f-b0b3-54836d90a7d3}*SharedItemsImports = 4
		RealtyCommon\RealtyCommon.projitems*{50b386f7-9c2f-4637-89bf-9ecbfbab1d22}*SharedItemsImports = 4
		RealtyCommon\RealtyCommon.projitems*{6c3e5fa7-83ac-48d3-8cb0-1c0a8a1c45af}*SharedItemsImports = 4
		RealtyCommon\RealtyCommon.projitems*{708f3e3b-6d53-4465-89cb-6899512ea772}*SharedItemsImports = 4
		RealtyCommon\RealtyCommon.projitems*{719de0da-96a5-4f3b-9bce-294450757c56}*SharedItemsImports = 4
		RealtyCommon\RealtyCommon.projitems*{c2f51e9f-1396-4d73-9478-9c7e8d57f17c}*SharedItemsImports = 4
		RealtyCommon\RealtyCommon.projitems*{cac3d054-9ad4-4aa9-be4f-db9d0997976b}*SharedItemsImports = 4
		RealtyCommon\RealtyCommon.projitems*{f40097b7-73bf-46b8-94ce-f6a56911f625}*SharedItemsImports = 4
		RealtyCommon\RealtyCommon.projitems*{f8652f26-2150-4483-8184-71641194f372}*SharedItemsImports = 4
	EndGlobalSection
	GlobalSection(SolutionConfigurationPlatforms) = preSolution
		Debug|Any CPU = Debug|Any CPU
		Release|Any CPU = Release|Any CPU
	EndGlobalSection
	GlobalSection(ProjectConfigurationPlatforms) = postSolution
		{F40097B7-73BF-46B8-94CE-F6A56911F625}.Debug|Any CPU.ActiveCfg = Debug|Any CPU
		{F40097B7-73BF-46B8-94CE-F6A56911F625}.Debug|Any CPU.Build.0 = Debug|Any CPU
		{F40097B7-73BF-46B8-94CE-F6A56911F625}.Release|Any CPU.ActiveCfg = Release|Any CPU
		{F40097B7-73BF-46B8-94CE-F6A56911F625}.Release|Any CPU.Build.0 = Release|Any CPU
		{F8652F26-2150-4483-8184-71641194F372}.Debug|Any CPU.ActiveCfg = Debug|Any CPU
		{F8652F26-2150-4483-8184-71641194F372}.Debug|Any CPU.Build.0 = Debug|Any CPU
		{F8652F26-2150-4483-8184-71641194F372}.Release|Any CPU.ActiveCfg = Release|Any CPU
		{F8652F26-2150-4483-8184-71641194F372}.Release|Any CPU.Build.0 = Release|Any CPU
		{50B386F7-9C2F-4637-89BF-9ECBFBAB1D22}.Debug|Any CPU.ActiveCfg = Debug|Any CPU
		{50B386F7-9C2F-4637-89BF-9ECBFBAB1D22}.Debug|Any CPU.Build.0 = Debug|Any CPU
		{50B386F7-9C2F-4637-89BF-9ECBFBAB1D22}.Release|Any CPU.ActiveCfg = Release|Any CPU
		{50B386F7-9C2F-4637-89BF-9ECBFBAB1D22}.Release|Any CPU.Build.0 = Release|Any CPU
		{370A37F7-4625-4A6F-B0B3-54836D90A7D3}.Debug|Any CPU.ActiveCfg = Debug|Any CPU
		{370A37F7-4625-4A6F-B0B3-54836D90A7D3}.Debug|Any CPU.Build.0 = Debug|Any CPU
		{370A37F7-4625-4A6F-B0B3-54836D90A7D3}.Release|Any CPU.ActiveCfg = Release|Any CPU
		{370A37F7-4625-4A6F-B0B3-54836D90A7D3}.Release|Any CPU.Build.0 = Release|Any CPU
		{708F3E3B-6D53-4465-89CB-6899512EA772}.Debug|Any CPU.ActiveCfg = Debug|Any CPU
		{708F3E3B-6D53-4465-89CB-6899512EA772}.Debug|Any CPU.Build.0 = Debug|Any CPU
		{708F3E3B-6D53-4465-89CB-6899512EA772}.Release|Any CPU.ActiveCfg = Release|Any CPU
		{708F3E3B-6D53-4465-89CB-6899512EA772}.Release|Any CPU.Build.0 = Release|Any CPU
		{CAC3D054-9AD4-4AA9-BE4F-DB9D0997976B}.Debug|Any CPU.ActiveCfg = Debug|Any CPU
		{CAC3D054-9AD4-4AA9-BE4F-DB9D0997976B}.Debug|Any CPU.Build.0 = Debug|Any CPU
		{CAC3D054-9AD4-4AA9-BE4F-DB9D0997976B}.Release|Any CPU.ActiveCfg = Release|Any CPU
		{CAC3D054-9AD4-4AA9-BE4F-DB9D0997976B}.Release|Any CPU.Build.0 = Release|Any CPU
		{719DE0DA-96A5-4F3B-9BCE-294450757C56}.Debug|Any CPU.ActiveCfg = Debug|Any CPU
		{719DE0DA-96A5-4F3B-9BCE-294450757C56}.Debug|Any CPU.Build.0 = Debug|Any CPU
		{719DE0DA-96A5-4F3B-9BCE-294450757C56}.Release|Any CPU.ActiveCfg = Release|Any CPU
		{719DE0DA-96A5-4F3B-9BCE-294450757C56}.Release|Any CPU.Build.0 = Release|Any CPU
		{C2F51E9F-1396-4D73-9478-9C7E8D57F17C}.Debug|Any CPU.ActiveCfg = Debug|Any CPU
		{C2F51E9F-1396-4D73-9478-9C7E8D57F17C}.Debug|Any CPU.Build.0 = Debug|Any CPU
		{C2F51E9F-1396-4D73-9478-9C7E8D57F17C}.Release|Any CPU.ActiveCfg = Release|Any CPU
		{C2F51E9F-1396-4D73-9478-9C7E8D57F17C}.Release|Any CPU.Build.0 = Release|Any CPU
		{6C3E5FA7-83AC-48D3-8CB0-1C0A8A1C45AF}.Debug|Any CPU.ActiveCfg = Debug|Any CPU
		{6C3E5FA7-83AC-48D3-8CB0-1C0A8A1C45AF}.Debug|Any CPU.Build.0 = Debug|Any CPU
		{6C3E5FA7-83AC-48D3-8CB0-1C0A8A1C45AF}.Release|Any CPU.ActiveCfg = Release|Any CPU
		{6C3E5FA7-83AC-48D3-8CB0-1C0A8A1C45AF}.Release|Any CPU.Build.0 = Release|Any CPU
	EndGlobalSection
	GlobalSection(SolutionProperties) = preSolution
		HideSolutionNode = FALSE
	EndGlobalSection
	GlobalSection(ExtensibilityGlobals) = postSolution
		SolutionGuid = {81379176-0882-4C08-9D26-9B21E853CBDD}
	EndGlobalSection
EndGlobal
