
Microsoft Visual Studio Solution File, Format Version 12.00
# Visual Studio Version 16
VisualStudioVersion = 16.0.33423.256
MinimumVisualStudioVersion = 10.0.40219.1
Project("{FAE04EC0-301F-11D3-BF4B-00C04F79EFBC}") = "Action_SubSale_Cancel", "Action_SubSale_Cancel\Action_SubSale_Cancel.csproj", "{7A6DBAB1-A38F-4A4E-9F57-FC0C5B84E1DC}"
EndProject
Global
	GlobalSection(SolutionConfigurationPlatforms) = preSolution
		Debug|Any CPU = Debug|Any CPU
		Release|Any CPU = Release|Any CPU
	EndGlobalSection
	GlobalSection(ProjectConfigurationPlatforms) = postSolution
		{7A6DBAB1-A38F-4A4E-9F57-FC0C5B84E1DC}.Debug|Any CPU.ActiveCfg = Debug|Any CPU
		{7A6DBAB1-A38F-4A4E-9F57-FC0C5B84E1DC}.Debug|Any CPU.Build.0 = Debug|Any CPU
		{7A6DBAB1-A38F-4A4E-9F57-FC0C5B84E1DC}.Release|Any CPU.ActiveCfg = Release|Any CPU
		{7A6DBAB1-A38F-4A4E-9F57-FC0C5B84E1DC}.Release|Any CPU.Build.0 = Release|Any CPU
	EndGlobalSection
	GlobalSection(SolutionProperties) = preSolution
		HideSolutionNode = FALSE
	EndGlobalSection
	GlobalSection(ExtensibilityGlobals) = postSolution
		SolutionGuid = {B84E4E27-77DB-4C4E-8E91-34C1B5D47BCF}
	EndGlobalSection
EndGlobal
