
Microsoft Visual Studio Solution File, Format Version 12.00
# Visual Studio Version 16
VisualStudioVersion = 16.0.33423.256
MinimumVisualStudioVersion = 10.0.40219.1
Project("{FAE04EC0-301F-11D3-BF4B-00C04F79EFBC}") = "Action_ClearInstallment", "Action_ClearInstallment\Action_ClearInstallment.csproj", "{58B54DC9-8CAC-4585-8B73-3E186D1F1253}"
EndProject
Global
	GlobalSection(SolutionConfigurationPlatforms) = preSolution
		Debug|Any CPU = Debug|Any CPU
		Release|Any CPU = Release|Any CPU
	EndGlobalSection
	GlobalSection(ProjectConfigurationPlatforms) = postSolution
		{58B54DC9-8CAC-4585-8B73-3E186D1F1253}.Debug|Any CPU.ActiveCfg = Debug|Any CPU
		{58B54DC9-8CAC-4585-8B73-3E186D1F1253}.Debug|Any CPU.Build.0 = Debug|Any CPU
		{58B54DC9-8CAC-4585-8B73-3E186D1F1253}.Release|Any CPU.ActiveCfg = Release|Any CPU
		{58B54DC9-8CAC-4585-8B73-3E186D1F1253}.Release|Any CPU.Build.0 = Release|Any CPU
	EndGlobalSection
	GlobalSection(SolutionProperties) = preSolution
		HideSolutionNode = FALSE
	EndGlobalSection
	GlobalSection(ExtensibilityGlobals) = postSolution
		SolutionGuid = {00205D10-B407-450C-9F78-8561FC8066FA}
	EndGlobalSection
EndGlobal
