
Microsoft Visual Studio Solution File, Format Version 12.00
# Visual Studio Version 17
VisualStudioVersion = 17.14.36121.58 d17.14
MinimumVisualStudioVersion = 10.0.40219.1
Project("{FAE04EC0-301F-11D3-BF4B-00C04F79EFBC}") = "Action_MatchUnit_Cancel", "Action_MatchUnit_Cancel\Action_MatchUnit_Cancel.csproj", "{DE42FECC-7BDF-491E-A921-345CFD49CACB}"
EndProject
Global
	GlobalSection(SolutionConfigurationPlatforms) = preSolution
		Debug|Any CPU = Debug|Any CPU
		Release|Any CPU = Release|Any CPU
	EndGlobalSection
	GlobalSection(ProjectConfigurationPlatforms) = postSolution
		{DE42FECC-7BDF-491E-A921-345CFD49CACB}.Debug|Any CPU.ActiveCfg = Debug|Any CPU
		{DE42FECC-7BDF-491E-A921-345CFD49CACB}.Debug|Any CPU.Build.0 = Debug|Any CPU
		{DE42FECC-7BDF-491E-A921-345CFD49CACB}.Release|Any CPU.ActiveCfg = Release|Any CPU
		{DE42FECC-7BDF-491E-A921-345CFD49CACB}.Release|Any CPU.Build.0 = Release|Any CPU
	EndGlobalSection
	GlobalSection(SolutionProperties) = preSolution
		HideSolutionNode = FALSE
	EndGlobalSection
	GlobalSection(ExtensibilityGlobals) = postSolution
		SolutionGuid = {10C3B4C6-3DCB-4600-8A69-A0F1E73F3743}
	EndGlobalSection
EndGlobal
