
Microsoft Visual Studio Solution File, Format Version 12.00
# Visual Studio Version 16
VisualStudioVersion = 16.0.33423.256
MinimumVisualStudioVersion = 10.0.40219.1
Project("{FAE04EC0-301F-11D3-BF4B-00C04F79EFBC}") = "Action_Termination_Complete", "Action_Termination_Complete\Action_Termination_Complete.csproj", "{5AE15D52-8BEA-4DD6-9D82-14E75ED53804}"
EndProject
Global
	GlobalSection(SolutionConfigurationPlatforms) = preSolution
		Debug|Any CPU = Debug|Any CPU
		Release|Any CPU = Release|Any CPU
	EndGlobalSection
	GlobalSection(ProjectConfigurationPlatforms) = postSolution
		{5AE15D52-8BEA-4DD6-9D82-14E75ED53804}.Debug|Any CPU.ActiveCfg = Debug|Any CPU
		{5AE15D52-8BEA-4DD6-9D82-14E75ED53804}.Debug|Any CPU.Build.0 = Debug|Any CPU
		{5AE15D52-8BEA-4DD6-9D82-14E75ED53804}.Release|Any CPU.ActiveCfg = Release|Any CPU
		{5AE15D52-8BEA-4DD6-9D82-14E75ED53804}.Release|Any CPU.Build.0 = Release|Any CPU
	EndGlobalSection
	GlobalSection(SolutionProperties) = preSolution
		HideSolutionNode = FALSE
	EndGlobalSection
	GlobalSection(ExtensibilityGlobals) = postSolution
		SolutionGuid = {5434A642-109D-4929-8508-25BA3A07C221}
	EndGlobalSection
EndGlobal
