
Microsoft Visual Studio Solution File, Format Version 12.00
# Visual Studio Version 16
VisualStudioVersion = 16.0.33423.256
MinimumVisualStudioVersion = 10.0.40219.1
Project("{FAE04EC0-301F-11D3-BF4B-00C04F79EFBC}") = "Plugin_OptionEntry_Approved", "Plugin_OptionEntry_Approved\Plugin_OptionEntry_Approved.csproj", "{58EAECB6-FF20-4B13-A2CC-2A52DFB4C088}"
EndProject
Global
	GlobalSection(SolutionConfigurationPlatforms) = preSolution
		Debug|Any CPU = Debug|Any CPU
		Release|Any CPU = Release|Any CPU
	EndGlobalSection
	GlobalSection(ProjectConfigurationPlatforms) = postSolution
		{58EAECB6-FF20-4B13-A2CC-2A52DFB4C088}.Debug|Any CPU.ActiveCfg = Debug|Any CPU
		{58EAECB6-FF20-4B13-A2CC-2A52DFB4C088}.Debug|Any CPU.Build.0 = Debug|Any CPU
		{58EAECB6-FF20-4B13-A2CC-2A52DFB4C088}.Release|Any CPU.ActiveCfg = Release|Any CPU
		{58EAECB6-FF20-4B13-A2CC-2A52DFB4C088}.Release|Any CPU.Build.0 = Release|Any CPU
	EndGlobalSection
	GlobalSection(SolutionProperties) = preSolution
		HideSolutionNode = FALSE
	EndGlobalSection
	GlobalSection(ExtensibilityGlobals) = postSolution
		SolutionGuid = {5DBCEC38-B363-446E-8E99-874A18EB78B0}
	EndGlobalSection
EndGlobal
