
Microsoft Visual Studio Solution File, Format Version 12.00
# Visual Studio Version 17
VisualStudioVersion = 17.14.36121.58 d17.14
MinimumVisualStudioVersion = 10.0.40219.1
Project("{FAE04EC0-301F-11D3-BF4B-00C04F79EFBC}") = "Plugin_Product_UnitCodeSystem", "Plugin_Product_UnitCodeSystem\Plugin_Product_UnitCodeSystem.csproj", "{30D9F588-F7DD-4457-8E6F-D4A001009F26}"
EndProject
Global
	GlobalSection(SolutionConfigurationPlatforms) = preSolution
		Debug|Any CPU = Debug|Any CPU
		Release|Any CPU = Release|Any CPU
	EndGlobalSection
	GlobalSection(ProjectConfigurationPlatforms) = postSolution
		{30D9F588-F7DD-4457-8E6F-D4A001009F26}.Debug|Any CPU.ActiveCfg = Debug|Any CPU
		{30D9F588-F7DD-4457-8E6F-D4A001009F26}.Debug|Any CPU.Build.0 = Debug|Any CPU
		{30D9F588-F7DD-4457-8E6F-D4A001009F26}.Release|Any CPU.ActiveCfg = Release|Any CPU
		{30D9F588-F7DD-4457-8E6F-D4A001009F26}.Release|Any CPU.Build.0 = Release|Any CPU
	EndGlobalSection
	GlobalSection(SolutionProperties) = preSolution
		HideSolutionNode = FALSE
	EndGlobalSection
	GlobalSection(ExtensibilityGlobals) = postSolution
		SolutionGuid = {81675832-05F0-4007-B739-028A9E4F73E6}
	EndGlobalSection
EndGlobal
