
Microsoft Visual Studio Solution File, Format Version 12.00
# Visual Studio Version 17
VisualStudioVersion = 17.14.36121.58 d17.14
MinimumVisualStudioVersion = 10.0.40219.1
Project("{FAE04EC0-301F-11D3-BF4B-00C04F79EFBC}") = "SaleDirectAction", "SaleDirectAction.csproj", "{EDF4E0FF-05A0-4763-96F3-402F4249C25F}"
EndProject
Global
	GlobalSection(SolutionConfigurationPlatforms) = preSolution
		Debug|Any CPU = Debug|Any CPU
		Release|Any CPU = Release|Any CPU
	EndGlobalSection
	GlobalSection(ProjectConfigurationPlatforms) = postSolution
		{EDF4E0FF-05A0-4763-96F3-402F4249C25F}.Debug|Any CPU.ActiveCfg = Debug|Any CPU
		{EDF4E0FF-05A0-4763-96F3-402F4249C25F}.Debug|Any CPU.Build.0 = Debug|Any CPU
		{EDF4E0FF-05A0-4763-96F3-402F4249C25F}.Release|Any CPU.ActiveCfg = Release|Any CPU
		{EDF4E0FF-05A0-4763-96F3-402F4249C25F}.Release|Any CPU.Build.0 = Release|Any CPU
	EndGlobalSection
	GlobalSection(SolutionProperties) = preSolution
		HideSolutionNode = FALSE
	EndGlobalSection
	GlobalSection(ExtensibilityGlobals) = postSolution
		SolutionGuid = {FCD439B0-CB07-4C44-AB89-07401D3B4BCB}
	EndGlobalSection
EndGlobal
