
Microsoft Visual Studio Solution File, Format Version 12.00
# Visual Studio Version 17
VisualStudioVersion = 17.14.36121.58 d17.14
MinimumVisualStudioVersion = 10.0.40219.1
Project("{FAE04EC0-301F-11D3-BF4B-00C04F79EFBC}") = "Plugin_Booking_Expired_CreateTask", "Plugin_Booking_Expired_CreateTask\Plugin_Booking_Expired_CreateTask.csproj", "{9270B60B-B65B-4383-8168-3AD9FC1EBA84}"
EndProject
Global
	GlobalSection(SolutionConfigurationPlatforms) = preSolution
		Debug|Any CPU = Debug|Any CPU
		Release|Any CPU = Release|Any CPU
	EndGlobalSection
	GlobalSection(ProjectConfigurationPlatforms) = postSolution
		{9270B60B-B65B-4383-8168-3AD9FC1EBA84}.Debug|Any CPU.ActiveCfg = Debug|Any CPU
		{9270B60B-B65B-4383-8168-3AD9FC1EBA84}.Debug|Any CPU.Build.0 = Debug|Any CPU
		{9270B60B-B65B-4383-8168-3AD9FC1EBA84}.Release|Any CPU.ActiveCfg = Release|Any CPU
		{9270B60B-B65B-4383-8168-3AD9FC1EBA84}.Release|Any CPU.Build.0 = Release|Any CPU
	EndGlobalSection
	GlobalSection(SolutionProperties) = preSolution
		HideSolutionNode = FALSE
	EndGlobalSection
	GlobalSection(ExtensibilityGlobals) = postSolution
		SolutionGuid = {98DD2BA6-E77A-41CB-8416-13DC7FA46D7D}
	EndGlobalSection
EndGlobal
