
Microsoft Visual Studio Solution File, Format Version 12.00
# Visual Studio Version 16
VisualStudioVersion = 16.0.33423.256
MinimumVisualStudioVersion = 10.0.40219.1
Project("{FAE04EC0-301F-11D3-BF4B-00C04F79EFBC}") = "Action_Termination_Cancel", "Action_Termination_Cancel\Action_Termination_Cancel.csproj", "{12CEAAE2-A09F-4D86-8094-9388A6623CB4}"
EndProject
Global
	GlobalSection(SolutionConfigurationPlatforms) = preSolution
		Debug|Any CPU = Debug|Any CPU
		Release|Any CPU = Release|Any CPU
	EndGlobalSection
	GlobalSection(ProjectConfigurationPlatforms) = postSolution
		{12CEAAE2-A09F-4D86-8094-9388A6623CB4}.Debug|Any CPU.ActiveCfg = Debug|Any CPU
		{12CEAAE2-A09F-4D86-8094-9388A6623CB4}.Debug|Any CPU.Build.0 = Debug|Any CPU
		{12CEAAE2-A09F-4D86-8094-9388A6623CB4}.Release|Any CPU.ActiveCfg = Release|Any CPU
		{12CEAAE2-A09F-4D86-8094-9388A6623CB4}.Release|Any CPU.Build.0 = Release|Any CPU
	EndGlobalSection
	GlobalSection(SolutionProperties) = preSolution
		HideSolutionNode = FALSE
	EndGlobalSection
	GlobalSection(ExtensibilityGlobals) = postSolution
		SolutionGuid = {DCC928D7-278F-427B-955C-6024E744D956}
	EndGlobalSection
EndGlobal
