
Microsoft Visual Studio Solution File, Format Version 12.00
# Visual Studio Version 16
VisualStudioVersion = 16.0.33423.256
MinimumVisualStudioVersion = 10.0.40219.1
Project("{FAE04EC0-301F-11D3-BF4B-00C04F79EFBC}") = "Plugin_PSAppendix_CreateUpdate", "Plugin_PSAppendix_CreateUpdate\Plugin_PSAppendix_CreateUpdate.csproj", "{ED251499-B364-44E8-ADCD-FF1D21482D6F}"
EndProject
Global
	GlobalSection(SolutionConfigurationPlatforms) = preSolution
		Debug|Any CPU = Debug|Any CPU
		Release|Any CPU = Release|Any CPU
	EndGlobalSection
	GlobalSection(ProjectConfigurationPlatforms) = postSolution
		{ED251499-B364-44E8-ADCD-FF1D21482D6F}.Debug|Any CPU.ActiveCfg = Debug|Any CPU
		{ED251499-B364-44E8-ADCD-FF1D21482D6F}.Debug|Any CPU.Build.0 = Debug|Any CPU
		{ED251499-B364-44E8-ADCD-FF1D21482D6F}.Release|Any CPU.ActiveCfg = Release|Any CPU
		{ED251499-B364-44E8-ADCD-FF1D21482D6F}.Release|Any CPU.Build.0 = Release|Any CPU
	EndGlobalSection
	GlobalSection(SolutionProperties) = preSolution
		HideSolutionNode = FALSE
	EndGlobalSection
	GlobalSection(ExtensibilityGlobals) = postSolution
		SolutionGuid = {A7291A77-616D-4C3F-B844-4D7C55BD06AB}
	EndGlobalSection
EndGlobal
