
Microsoft Visual Studio Solution File, Format Version 12.00
# Visual Studio Version 17
VisualStudioVersion = 17.14.36717.8 d17.14
MinimumVisualStudioVersion = 10.0.40219.1
Project("{FAE04EC0-301F-11D3-BF4B-00C04F79EFBC}") = "Action_Queue_Reservation", "Action_Queue_Reservation\Action_Queue_Reservation.csproj", "{EF12CAA5-1D14-4BFB-A41C-54ECAB433690}"
EndProject
Global
	GlobalSection(SolutionConfigurationPlatforms) = preSolution
		Debug|Any CPU = Debug|Any CPU
		Release|Any CPU = Release|Any CPU
	EndGlobalSection
	GlobalSection(ProjectConfigurationPlatforms) = postSolution
		{EF12CAA5-1D14-4BFB-A41C-54ECAB433690}.Debug|Any CPU.ActiveCfg = Debug|Any CPU
		{EF12CAA5-1D14-4BFB-A41C-54ECAB433690}.Debug|Any CPU.Build.0 = Debug|Any CPU
		{EF12CAA5-1D14-4BFB-A41C-54ECAB433690}.Release|Any CPU.ActiveCfg = Release|Any CPU
		{EF12CAA5-1D14-4BFB-A41C-54ECAB433690}.Release|Any CPU.Build.0 = Release|Any CPU
	EndGlobalSection
	GlobalSection(SolutionProperties) = preSolution
		HideSolutionNode = FALSE
	EndGlobalSection
	GlobalSection(ExtensibilityGlobals) = postSolution
		SolutionGuid = {43D56998-7095-452B-9F16-7454B4100689}
	EndGlobalSection
EndGlobal
