
Microsoft Visual Studio Solution File, Format Version 12.00
# Visual Studio Version 17
VisualStudioVersion = 17.14.36717.8 d17.14
MinimumVisualStudioVersion = 10.0.40219.1
Project("{FAE04EC0-301F-11D3-BF4B-00C04F79EFBC}") = "Plugin_Quote_Approve", "Plugin_Quote_Approve\Plugin_Quote_Approve.csproj", "{071F164E-A7B9-4B1E-B0FC-AAB9927CEB66}"
EndProject
Global
	GlobalSection(SolutionConfigurationPlatforms) = preSolution
		Debug|Any CPU = Debug|Any CPU
		Release|Any CPU = Release|Any CPU
	EndGlobalSection
	GlobalSection(ProjectConfigurationPlatforms) = postSolution
		{071F164E-A7B9-4B1E-B0FC-AAB9927CEB66}.Debug|Any CPU.ActiveCfg = Debug|Any CPU
		{071F164E-A7B9-4B1E-B0FC-AAB9927CEB66}.Debug|Any CPU.Build.0 = Debug|Any CPU
		{071F164E-A7B9-4B1E-B0FC-AAB9927CEB66}.Release|Any CPU.ActiveCfg = Release|Any CPU
		{071F164E-A7B9-4B1E-B0FC-AAB9927CEB66}.Release|Any CPU.Build.0 = Release|Any CPU
	EndGlobalSection
	GlobalSection(SolutionProperties) = preSolution
		HideSolutionNode = FALSE
	EndGlobalSection
	GlobalSection(ExtensibilityGlobals) = postSolution
		SolutionGuid = {A8D82023-9850-4242-8552-ABB0EE1862FB}
	EndGlobalSection
EndGlobal
