
Microsoft Visual Studio Solution File, Format Version 12.00
# Visual Studio Version 16
VisualStudioVersion = 16.0.33423.256
MinimumVisualStudioVersion = 10.0.40219.1
Project("{FAE04EC0-301F-11D3-BF4B-00C04F79EFBC}") = "Plugin_FollowUpList_CreateUpdate", "Plugin_FollowUpList_CreateUpdate\Plugin_FollowUpList_CreateUpdate.csproj", "{E643A989-B910-44FE-97A6-75CFCE2F9D3C}"
EndProject
Global
	GlobalSection(SolutionConfigurationPlatforms) = preSolution
		Debug|Any CPU = Debug|Any CPU
		Release|Any CPU = Release|Any CPU
	EndGlobalSection
	GlobalSection(ProjectConfigurationPlatforms) = postSolution
		{E643A989-B910-44FE-97A6-75CFCE2F9D3C}.Debug|Any CPU.ActiveCfg = Debug|Any CPU
		{E643A989-B910-44FE-97A6-75CFCE2F9D3C}.Debug|Any CPU.Build.0 = Debug|Any CPU
		{E643A989-B910-44FE-97A6-75CFCE2F9D3C}.Release|Any CPU.ActiveCfg = Release|Any CPU
		{E643A989-B910-44FE-97A6-75CFCE2F9D3C}.Release|Any CPU.Build.0 = Release|Any CPU
	EndGlobalSection
	GlobalSection(SolutionProperties) = preSolution
		HideSolutionNode = FALSE
	EndGlobalSection
	GlobalSection(ExtensibilityGlobals) = postSolution
		SolutionGuid = {87B15F04-4CDD-41F0-A744-98DBAD556866}
	EndGlobalSection
EndGlobal
