
Microsoft Visual Studio Solution File, Format Version 12.00
# Visual Studio Version 17
VisualStudioVersion = 17.14.36717.8 d17.14
MinimumVisualStudioVersion = 10.0.40219.1
Project("{FAE04EC0-301F-11D3-BF4B-00C04F79EFBC}") = "Action_ReservationContract_Update", "Action_ReservationContract_Update\Action_ReservationContract_Update.csproj", "{7CA9EF8B-78B6-4844-8654-624E42836242}"
EndProject
Global
	GlobalSection(SolutionConfigurationPlatforms) = preSolution
		Debug|Any CPU = Debug|Any CPU
		Release|Any CPU = Release|Any CPU
	EndGlobalSection
	GlobalSection(ProjectConfigurationPlatforms) = postSolution
		{7CA9EF8B-78B6-4844-8654-624E42836242}.Debug|Any CPU.ActiveCfg = Debug|Any CPU
		{7CA9EF8B-78B6-4844-8654-624E42836242}.Debug|Any CPU.Build.0 = Debug|Any CPU
		{7CA9EF8B-78B6-4844-8654-624E42836242}.Release|Any CPU.ActiveCfg = Release|Any CPU
		{7CA9EF8B-78B6-4844-8654-624E42836242}.Release|Any CPU.Build.0 = Release|Any CPU
	EndGlobalSection
	GlobalSection(SolutionProperties) = preSolution
		HideSolutionNode = FALSE
	EndGlobalSection
	GlobalSection(ExtensibilityGlobals) = postSolution
		SolutionGuid = {D1EDC379-903D-430B-AAF2-17D4F2C25D76}
	EndGlobalSection
EndGlobal
