
Microsoft Visual Studio Solution File, Format Version 12.00
# Visual Studio Version 17
VisualStudioVersion = 17.11.35303.130
MinimumVisualStudioVersion = 10.0.40219.1
Project("{FAE04EC0-301F-11D3-BF4B-00C04F79EFBC}") = "Plugin_Quote_CalculateMoney", "Plugin_Quote_CalculateMoney\Plugin_Quote_CalculateMoney.csproj", "{684A3997-1E0A-4B85-B0B2-1A01B6353CC8}"
EndProject
Global
	GlobalSection(SolutionConfigurationPlatforms) = preSolution
		Debug|Any CPU = Debug|Any CPU
		Release|Any CPU = Release|Any CPU
	EndGlobalSection
	GlobalSection(ProjectConfigurationPlatforms) = postSolution
		{684A3997-1E0A-4B85-B0B2-1A01B6353CC8}.Debug|Any CPU.ActiveCfg = Debug|Any CPU
		{684A3997-1E0A-4B85-B0B2-1A01B6353CC8}.Debug|Any CPU.Build.0 = Debug|Any CPU
		{684A3997-1E0A-4B85-B0B2-1A01B6353CC8}.Release|Any CPU.ActiveCfg = Release|Any CPU
		{684A3997-1E0A-4B85-B0B2-1A01B6353CC8}.Release|Any CPU.Build.0 = Release|Any CPU
	EndGlobalSection
	GlobalSection(SolutionProperties) = preSolution
		HideSolutionNode = FALSE
	EndGlobalSection
	GlobalSection(ExtensibilityGlobals) = postSolution
		SolutionGuid = {1692112A-AF7E-4690-80A1-0380A2E5F0B7}
	EndGlobalSection
	GlobalSection(SharedMSBuildProjectFiles) = preSolution
		..\RealtyCommon\RealtyCommon\RealtyCommon.projitems*{684a3997-1e0a-4b85-b0b2-1a01b6353cc8}*SharedItemsImports = 4
	EndGlobalSection
EndGlobal
