
Microsoft Visual Studio Solution File, Format Version 12.00
# Visual Studio Version 16
VisualStudioVersion = 16.0.33423.256
MinimumVisualStudioVersion = 10.0.40219.1
Project("{FAE04EC0-301F-11D3-BF4B-00C04F79EFBC}") = "Action_Segment_Dynamic", "Action_Segment_Dynamic\Action_Segment_Dynamic.csproj", "{1447159B-D23A-43AB-AC90-D8AFEC47DAF0}"
EndProject
Global
	GlobalSection(SolutionConfigurationPlatforms) = preSolution
		Debug|Any CPU = Debug|Any CPU
		Release|Any CPU = Release|Any CPU
	EndGlobalSection
	GlobalSection(ProjectConfigurationPlatforms) = postSolution
		{1447159B-D23A-43AB-AC90-D8AFEC47DAF0}.Debug|Any CPU.ActiveCfg = Debug|Any CPU
		{1447159B-D23A-43AB-AC90-D8AFEC47DAF0}.Debug|Any CPU.Build.0 = Debug|Any CPU
		{1447159B-D23A-43AB-AC90-D8AFEC47DAF0}.Release|Any CPU.ActiveCfg = Release|Any CPU
		{1447159B-D23A-43AB-AC90-D8AFEC47DAF0}.Release|Any CPU.Build.0 = Release|Any CPU
	EndGlobalSection
	GlobalSection(SolutionProperties) = preSolution
		HideSolutionNode = FALSE
	EndGlobalSection
	GlobalSection(ExtensibilityGlobals) = postSolution
		SolutionGuid = {EEC6A611-7C24-4E34-92C3-B75D6847B767}
	EndGlobalSection
EndGlobal
