
Microsoft Visual Studio Solution File, Format Version 12.00
# Visual Studio Version 16
VisualStudioVersion = 16.0.36602.28
MinimumVisualStudioVersion = 10.0.40219.1
Project("{FAE04EC0-301F-11D3-BF4B-00C04F79EFBC}") = "Action_UpdateQuote", "Action_UpdateQuote\Action_UpdateQuote.csproj", "{18054BD6-1A63-4D3F-85CD-37065B8EB38C}"
EndProject
Global
	GlobalSection(SolutionConfigurationPlatforms) = preSolution
		Debug|Any CPU = Debug|Any CPU
		Release|Any CPU = Release|Any CPU
	EndGlobalSection
	GlobalSection(ProjectConfigurationPlatforms) = postSolution
		{18054BD6-1A63-4D3F-85CD-37065B8EB38C}.Debug|Any CPU.ActiveCfg = Debug|Any CPU
		{18054BD6-1A63-4D3F-85CD-37065B8EB38C}.Debug|Any CPU.Build.0 = Debug|Any CPU
		{18054BD6-1A63-4D3F-85CD-37065B8EB38C}.Release|Any CPU.ActiveCfg = Release|Any CPU
		{18054BD6-1A63-4D3F-85CD-37065B8EB38C}.Release|Any CPU.Build.0 = Release|Any CPU
	EndGlobalSection
	GlobalSection(SolutionProperties) = preSolution
		HideSolutionNode = FALSE
	EndGlobalSection
	GlobalSection(ExtensibilityGlobals) = postSolution
		SolutionGuid = {64CB708E-518E-4B46-8A74-9013F0D3363E}
	EndGlobalSection
EndGlobal
