
Microsoft Visual Studio Solution File, Format Version 12.00
# Visual Studio Version 17
VisualStudioVersion = 17.11.35303.130
MinimumVisualStudioVersion = 10.0.40219.1
Project("{FAE04EC0-301F-11D3-BF4B-00C04F79EFBC}") = "Plugin_Quotation_CalculateMoney", "Plugin_Quotation_CalculateMoney\Plugin_Quotation_CalculateMoney.csproj", "{CCDB5996-804C-4E45-B7AB-E37A81204608}"
EndProject
Global
	GlobalSection(SolutionConfigurationPlatforms) = preSolution
		Debug|Any CPU = Debug|Any CPU
		Release|Any CPU = Release|Any CPU
	EndGlobalSection
	GlobalSection(ProjectConfigurationPlatforms) = postSolution
		{CCDB5996-804C-4E45-B7AB-E37A81204608}.Debug|Any CPU.ActiveCfg = Debug|Any CPU
		{CCDB5996-804C-4E45-B7AB-E37A81204608}.Debug|Any CPU.Build.0 = Debug|Any CPU
		{CCDB5996-804C-4E45-B7AB-E37A81204608}.Release|Any CPU.ActiveCfg = Release|Any CPU
		{CCDB5996-804C-4E45-B7AB-E37A81204608}.Release|Any CPU.Build.0 = Release|Any CPU
	EndGlobalSection
	GlobalSection(SolutionProperties) = preSolution
		HideSolutionNode = FALSE
	EndGlobalSection
	GlobalSection(ExtensibilityGlobals) = postSolution
		SolutionGuid = {10837F5E-1650-43ED-B460-3C7EDBDF3EFB}
	EndGlobalSection
EndGlobal
