
Microsoft Visual Studio Solution File, Format Version 12.00
# Visual Studio Version 16
VisualStudioVersion = 16.0.33423.256
MinimumVisualStudioVersion = 10.0.40219.1
Project("{FAE04EC0-301F-11D3-BF4B-00C04F79EFBC}") = "Action_CollectionMeeting_Close", "Action_CollectionMeeting_Close\Action_CollectionMeeting_Close.csproj", "{6A46431A-4CEA-4249-9A9E-3790E09FFCCB}"
EndProject
Global
	GlobalSection(SolutionConfigurationPlatforms) = preSolution
		Debug|Any CPU = Debug|Any CPU
		Release|Any CPU = Release|Any CPU
	EndGlobalSection
	GlobalSection(ProjectConfigurationPlatforms) = postSolution
		{6A46431A-4CEA-4249-9A9E-3790E09FFCCB}.Debug|Any CPU.ActiveCfg = Debug|Any CPU
		{6A46431A-4CEA-4249-9A9E-3790E09FFCCB}.Debug|Any CPU.Build.0 = Debug|Any CPU
		{6A46431A-4CEA-4249-9A9E-3790E09FFCCB}.Release|Any CPU.ActiveCfg = Release|Any CPU
		{6A46431A-4CEA-4249-9A9E-3790E09FFCCB}.Release|Any CPU.Build.0 = Release|Any CPU
	EndGlobalSection
	GlobalSection(SolutionProperties) = preSolution
		HideSolutionNode = FALSE
	EndGlobalSection
	GlobalSection(ExtensibilityGlobals) = postSolution
		SolutionGuid = {1FC8E880-6DCC-42D3-8840-7F854C7289DC}
	EndGlobalSection
EndGlobal
