
Microsoft Visual Studio Solution File, Format Version 12.00
# Visual Studio Version 16
VisualStudioVersion = 16.0.33423.256
MinimumVisualStudioVersion = 10.0.40219.1
Project("{FAE04EC0-301F-11D3-BF4B-00C04F79EFBC}") = "Action_BreachManagement_Cancel", "Action_BreachManagement_Cancel\Action_BreachManagement_Cancel.csproj", "{1BAB89C2-317C-4923-A1F5-D2D971B8BF17}"
EndProject
Global
	GlobalSection(SolutionConfigurationPlatforms) = preSolution
		Debug|Any CPU = Debug|Any CPU
		Release|Any CPU = Release|Any CPU
	EndGlobalSection
	GlobalSection(ProjectConfigurationPlatforms) = postSolution
		{1BAB89C2-317C-4923-A1F5-D2D971B8BF17}.Debug|Any CPU.ActiveCfg = Debug|Any CPU
		{1BAB89C2-317C-4923-A1F5-D2D971B8BF17}.Debug|Any CPU.Build.0 = Debug|Any CPU
		{1BAB89C2-317C-4923-A1F5-D2D971B8BF17}.Release|Any CPU.ActiveCfg = Release|Any CPU
		{1BAB89C2-317C-4923-A1F5-D2D971B8BF17}.Release|Any CPU.Build.0 = Release|Any CPU
	EndGlobalSection
	GlobalSection(SolutionProperties) = preSolution
		HideSolutionNode = FALSE
	EndGlobalSection
	GlobalSection(ExtensibilityGlobals) = postSolution
		SolutionGuid = {4A38C0D4-C7C8-4D56-9418-7EF1C2756AFA}
	EndGlobalSection
EndGlobal
