
Microsoft Visual Studio Solution File, Format Version 12.00
# Visual Studio Version 16
VisualStudioVersion = 16.0.33423.256
MinimumVisualStudioVersion = 10.0.40219.1
Project("{FAE04EC0-301F-11D3-BF4B-00C04F79EFBC}") = "Plugin_UpdateDueDateDetail_CreateUpdate", "Plugin_UpdateDueDateDetail_CreateUpdate\Plugin_UpdateDueDateDetail_CreateUpdate.csproj", "{4AC1FCFB-2E60-4FE6-86C1-FE94EB3DC3BF}"
EndProject
Global
	GlobalSection(SolutionConfigurationPlatforms) = preSolution
		Debug|Any CPU = Debug|Any CPU
		Release|Any CPU = Release|Any CPU
	EndGlobalSection
	GlobalSection(ProjectConfigurationPlatforms) = postSolution
		{4AC1FCFB-2E60-4FE6-86C1-FE94EB3DC3BF}.Debug|Any CPU.ActiveCfg = Debug|Any CPU
		{4AC1FCFB-2E60-4FE6-86C1-FE94EB3DC3BF}.Debug|Any CPU.Build.0 = Debug|Any CPU
		{4AC1FCFB-2E60-4FE6-86C1-FE94EB3DC3BF}.Release|Any CPU.ActiveCfg = Release|Any CPU
		{4AC1FCFB-2E60-4FE6-86C1-FE94EB3DC3BF}.Release|Any CPU.Build.0 = Release|Any CPU
	EndGlobalSection
	GlobalSection(SolutionProperties) = preSolution
		HideSolutionNode = FALSE
	EndGlobalSection
	GlobalSection(ExtensibilityGlobals) = postSolution
		SolutionGuid = {976B3FB4-6DFF-4821-A25C-674D526033E2}
	EndGlobalSection
EndGlobal
