
Microsoft Visual Studio Solution File, Format Version 12.00
# Visual Studio Version 16
VisualStudioVersion = 16.0.33423.256
MinimumVisualStudioVersion = 10.0.40219.1
Project("{FAE04EC0-301F-11D3-BF4B-00C04F79EFBC}") = "Plugin_EventBudget_Update", "Plugin_EventBudget_Update\Plugin_EventBudget_Update.csproj", "{88B54100-EAAA-45FE-A05C-CDDF6BD72895}"
EndProject
Global
	GlobalSection(SolutionConfigurationPlatforms) = preSolution
		Debug|Any CPU = Debug|Any CPU
		Release|Any CPU = Release|Any CPU
	EndGlobalSection
	GlobalSection(ProjectConfigurationPlatforms) = postSolution
		{88B54100-EAAA-45FE-A05C-CDDF6BD72895}.Debug|Any CPU.ActiveCfg = Debug|Any CPU
		{88B54100-EAAA-45FE-A05C-CDDF6BD72895}.Debug|Any CPU.Build.0 = Debug|Any CPU
		{88B54100-EAAA-45FE-A05C-CDDF6BD72895}.Release|Any CPU.ActiveCfg = Release|Any CPU
		{88B54100-EAAA-45FE-A05C-CDDF6BD72895}.Release|Any CPU.Build.0 = Release|Any CPU
	EndGlobalSection
	GlobalSection(SolutionProperties) = preSolution
		HideSolutionNode = FALSE
	EndGlobalSection
	GlobalSection(ExtensibilityGlobals) = postSolution
		SolutionGuid = {42AAD5D7-8322-4A0E-A7F3-5536DB7BB648}
	EndGlobalSection
EndGlobal
